
Microsoft Visual Studio Solution File, Format Version 12.00
# Visual Studio 2012
Project("{FAE04EC0-301F-11D3-BF4B-00C04F79EFBC}") = "UserAdministration", "UserAdministration\UserAdministration.csproj", "{4776BF3C-0D8F-4F6E-92DF-C155530F6F33}"
EndProject
Global
	GlobalSection(SolutionConfigurationPlatforms) = preSolution
		Debug|Any CPU = Debug|Any CPU
		Release|Any CPU = Release|Any CPU
	EndGlobalSection
	GlobalSection(ProjectConfigurationPlatforms) = postSolution
		{4776BF3C-0D8F-4F6E-92DF-C155530F6F33}.Debug|Any CPU.ActiveCfg = Debug|Any CPU
		{4776BF3C-0D8F-4F6E-92DF-C155530F6F33}.Debug|Any CPU.Build.0 = Debug|Any CPU
		{4776BF3C-0D8F-4F6E-92DF-C155530F6F33}.Release|Any CPU.ActiveCfg = Release|Any CPU
		{4776BF3C-0D8F-4F6E-92DF-C155530F6F33}.Release|Any CPU.Build.0 = Release|Any CPU
	EndGlobalSection
	GlobalSection(SolutionProperties) = preSolution
		HideSolutionNode = FALSE
	EndGlobalSection
EndGlobal
